// !$*UTF8*$!
{
	archiveVersion = 1;
	classes = {
	};
	objectVersion = 51;
	objects = {

/* Begin PBXBuildFile section */
		4560F5F7AD119A7F18795BA9 /* Pods_PokeMe_PokeMeUITests.framework in Frameworks */ = {isa = PBXBuildFile; fileRef = F04819B94A1F1A254DE60230 /* Pods_PokeMe_PokeMeUITests.framework */; };
		6D3D1CED25DABFCA00131D94 /* CDLPokemonModel.swift in Sources */ = {isa = PBXBuildFile; fileRef = 6D3D1CEB25DABFCA00131D94 /* CDLPokemonModel.swift */; };
		6D3D1CEE25DABFCA00131D94 /* CDLPokemon.swift in Sources */ = {isa = PBXBuildFile; fileRef = 6D3D1CEC25DABFCA00131D94 /* CDLPokemon.swift */; };
		6D3D1CF325DD1CBA00131D94 /* InfoView.swift in Sources */ = {isa = PBXBuildFile; fileRef = 6D3D1CF225DD1CBA00131D94 /* InfoView.swift */; };
		6D3D1CF825DD1CCA00131D94 /* InfoView.xib in Resources */ = {isa = PBXBuildFile; fileRef = 6D3D1CF725DD1CCA00131D94 /* InfoView.xib */; };
		6D3D1CFD25DD2F0400131D94 /* Localizable.strings in Resources */ = {isa = PBXBuildFile; fileRef = 6D3D1CFC25DD2F0400131D94 /* Localizable.strings */; };
		6D3D1D1E25DD51F400131D94 /* PokemonDetailDTO.swift in Sources */ = {isa = PBXBuildFile; fileRef = 6D3D1D1225DD51F400131D94 /* PokemonDetailDTO.swift */; };
		6D3D1D1F25DD51F400131D94 /* PokemonDetailRouter.swift in Sources */ = {isa = PBXBuildFile; fileRef = 6D3D1D1325DD51F400131D94 /* PokemonDetailRouter.swift */; };
		6D3D1D2025DD51F400131D94 /* PokemonDetailView.xib in Resources */ = {isa = PBXBuildFile; fileRef = 6D3D1D1525DD51F400131D94 /* PokemonDetailView.xib */; };
		6D3D1D2125DD51F400131D94 /* PokemonDetailView_iPad.xib in Resources */ = {isa = PBXBuildFile; fileRef = 6D3D1D1625DD51F400131D94 /* PokemonDetailView_iPad.xib */; };
		6D3D1D2225DD51F400131D94 /* PokemonDetailView.swift in Sources */ = {isa = PBXBuildFile; fileRef = 6D3D1D1725DD51F400131D94 /* PokemonDetailView.swift */; };
		6D3D1D2325DD51F400131D94 /* PokemonDetailAssembly.swift in Sources */ = {isa = PBXBuildFile; fileRef = 6D3D1D1825DD51F400131D94 /* PokemonDetailAssembly.swift */; };
		6D3D1D2425DD51F400131D94 /* PokemonDetailInteractor.swift in Sources */ = {isa = PBXBuildFile; fileRef = 6D3D1D1925DD51F400131D94 /* PokemonDetailInteractor.swift */; };
		6D3D1D2525DD51F400131D94 /* PokemonDetailPresenter.swift in Sources */ = {isa = PBXBuildFile; fileRef = 6D3D1D1A25DD51F400131D94 /* PokemonDetailPresenter.swift */; };
		6D3D1D2625DD51F400131D94 /* PokemonDetailViewModel.swift in Sources */ = {isa = PBXBuildFile; fileRef = 6D3D1D1C25DD51F400131D94 /* PokemonDetailViewModel.swift */; };
		6D3D1D2725DD51F400131D94 /* PokemonDetailInteractorModel.swift in Sources */ = {isa = PBXBuildFile; fileRef = 6D3D1D1D25DD51F400131D94 /* PokemonDetailInteractorModel.swift */; };
		6D3D1D3425DD688F00131D94 /* PokemonStatsCollectionViewCell.swift in Sources */ = {isa = PBXBuildFile; fileRef = 6D3D1D3225DD688F00131D94 /* PokemonStatsCollectionViewCell.swift */; };
		6D3D1D3525DD688F00131D94 /* PokemonStatsCollectionViewCell.xib in Resources */ = {isa = PBXBuildFile; fileRef = 6D3D1D3325DD688F00131D94 /* PokemonStatsCollectionViewCell.xib */; };
		6D3D1D4525DD6DE700131D94 /* PokemonStatTableViewCell.swift in Sources */ = {isa = PBXBuildFile; fileRef = 6D3D1D4325DD6DE700131D94 /* PokemonStatTableViewCell.swift */; };
		6D3D1D4625DD6DE700131D94 /* PokemonStatTableViewCell.xib in Resources */ = {isa = PBXBuildFile; fileRef = 6D3D1D4425DD6DE700131D94 /* PokemonStatTableViewCell.xib */; };
		6D3D1D4E25DD712400131D94 /* UITableView+Extension.swift in Sources */ = {isa = PBXBuildFile; fileRef = 6D3D1D4D25DD712400131D94 /* UITableView+Extension.swift */; };
		6D3D1D5425DE7F5E00131D94 /* HomeViewCollectionReusableHeaderView.swift in Sources */ = {isa = PBXBuildFile; fileRef = 6D3D1D5225DE7F5E00131D94 /* HomeViewCollectionReusableHeaderView.swift */; };
		6D3D1D5525DE7F5E00131D94 /* HomeViewCollectionReusableHeaderView.xib in Resources */ = {isa = PBXBuildFile; fileRef = 6D3D1D5325DE7F5E00131D94 /* HomeViewCollectionReusableHeaderView.xib */; };
		6D3D1D5A25DE87C400131D94 /* HomeTutorialView.xib in Resources */ = {isa = PBXBuildFile; fileRef = 6D3D1D5925DE87C400131D94 /* HomeTutorialView.xib */; };
		6D3D1D5F25DE8C3E00131D94 /* HomeTutorialView.swift in Sources */ = {isa = PBXBuildFile; fileRef = 6D3D1D5E25DE8C3E00131D94 /* HomeTutorialView.swift */; };
		6D3D1D6425DEA41700131D94 /* UIColor+Extension.swift in Sources */ = {isa = PBXBuildFile; fileRef = 6D3D1D6325DEA41700131D94 /* UIColor+Extension.swift */; };
		6D3D1D6925DEAF4E00131D94 /* ShadowView.swift in Sources */ = {isa = PBXBuildFile; fileRef = 6D3D1D6825DEAF4E00131D94 /* ShadowView.swift */; };
		6D3D1D6E25DECB7600131D94 /* CDLSavePokemonModel.swift in Sources */ = {isa = PBXBuildFile; fileRef = 6D3D1D6D25DECB7600131D94 /* CDLSavePokemonModel.swift */; };
		6D41716525D6B8B400D2B8B2 /* AppDelegate.swift in Sources */ = {isa = PBXBuildFile; fileRef = 6D41716425D6B8B400D2B8B2 /* AppDelegate.swift */; };
		6D41716925D6B8B400D2B8B2 /* ViewController.swift in Sources */ = {isa = PBXBuildFile; fileRef = 6D41716825D6B8B400D2B8B2 /* ViewController.swift */; };
		6D41716C25D6B8B400D2B8B2 /* Main.storyboard in Resources */ = {isa = PBXBuildFile; fileRef = 6D41716A25D6B8B400D2B8B2 /* Main.storyboard */; };
		6D41716F25D6B8B400D2B8B2 /* PokeMe.xcdatamodeld in Sources */ = {isa = PBXBuildFile; fileRef = 6D41716D25D6B8B400D2B8B2 /* PokeMe.xcdatamodeld */; };
		6D41717125D6B8B500D2B8B2 /* Assets.xcassets in Resources */ = {isa = PBXBuildFile; fileRef = 6D41717025D6B8B500D2B8B2 /* Assets.xcassets */; };
		6D41717425D6B8B500D2B8B2 /* LaunchScreen.storyboard in Resources */ = {isa = PBXBuildFile; fileRef = 6D41717225D6B8B500D2B8B2 /* LaunchScreen.storyboard */; };
		6D41717F25D6B8B500D2B8B2 /* PokeMeTests.swift in Sources */ = {isa = PBXBuildFile; fileRef = 6D41717E25D6B8B500D2B8B2 /* PokeMeTests.swift */; };
		6D41718A25D6B8B600D2B8B2 /* PokeMeUITests.swift in Sources */ = {isa = PBXBuildFile; fileRef = 6D41718925D6B8B600D2B8B2 /* PokeMeUITests.swift */; };
		6D4171D925D6BB0000D2B8B2 /* CommonDataLayer.swift in Sources */ = {isa = PBXBuildFile; fileRef = 6D4171B625D6BB0000D2B8B2 /* CommonDataLayer.swift */; };
		6D4171DA25D6BB0000D2B8B2 /* BaseCDL.swift in Sources */ = {isa = PBXBuildFile; fileRef = 6D4171B725D6BB0000D2B8B2 /* BaseCDL.swift */; };
		6D4171DB25D6BB0000D2B8B2 /* CommonDataLayerEndPoints.swift in Sources */ = {isa = PBXBuildFile; fileRef = 6D4171B825D6BB0000D2B8B2 /* CommonDataLayerEndPoints.swift */; };
		6D4171DC25D6BB0000D2B8B2 /* CDLResponse.swift in Sources */ = {isa = PBXBuildFile; fileRef = 6D4171B925D6BB0000D2B8B2 /* CDLResponse.swift */; };
		6D4171DD25D6BB0000D2B8B2 /* CommonDataLayerBaseModel.swift in Sources */ = {isa = PBXBuildFile; fileRef = 6D4171BA25D6BB0000D2B8B2 /* CommonDataLayerBaseModel.swift */; };
		6D4171DE25D6BB0000D2B8B2 /* PokeMeEnums.swift in Sources */ = {isa = PBXBuildFile; fileRef = 6D4171BD25D6BB0000D2B8B2 /* PokeMeEnums.swift */; };
		6D4171DF25D6BB0000D2B8B2 /* PokeMeUtils.swift in Sources */ = {isa = PBXBuildFile; fileRef = 6D4171BF25D6BB0000D2B8B2 /* PokeMeUtils.swift */; };
		6D4171E025D6BB0000D2B8B2 /* UIApplication+Extension.swift in Sources */ = {isa = PBXBuildFile; fileRef = 6D4171C125D6BB0000D2B8B2 /* UIApplication+Extension.swift */; };
		6D4171E125D6BB0000D2B8B2 /* UIImageView+Extension.swift in Sources */ = {isa = PBXBuildFile; fileRef = 6D4171C225D6BB0000D2B8B2 /* UIImageView+Extension.swift */; };
		6D4171E225D6BB0000D2B8B2 /* UIAlertController+Extension.swift in Sources */ = {isa = PBXBuildFile; fileRef = 6D4171C325D6BB0000D2B8B2 /* UIAlertController+Extension.swift */; };
		6D4171E325D6BB0000D2B8B2 /* Int+Extension.swift in Sources */ = {isa = PBXBuildFile; fileRef = 6D4171C425D6BB0000D2B8B2 /* Int+Extension.swift */; };
		6D4171E425D6BB0000D2B8B2 /* Date+Extension.swift in Sources */ = {isa = PBXBuildFile; fileRef = 6D4171C525D6BB0000D2B8B2 /* Date+Extension.swift */; };
		6D4171E525D6BB0000D2B8B2 /* UIButton+Extension.swift in Sources */ = {isa = PBXBuildFile; fileRef = 6D4171C625D6BB0000D2B8B2 /* UIButton+Extension.swift */; };
		6D4171E625D6BB0000D2B8B2 /* NSObject+Extension.swift in Sources */ = {isa = PBXBuildFile; fileRef = 6D4171C725D6BB0000D2B8B2 /* NSObject+Extension.swift */; };
		6D4171E725D6BB0000D2B8B2 /* UIView+Extension.swift in Sources */ = {isa = PBXBuildFile; fileRef = 6D4171C825D6BB0000D2B8B2 /* UIView+Extension.swift */; };
		6D4171E825D6BB0000D2B8B2 /* UIImage+Extension.swift in Sources */ = {isa = PBXBuildFile; fileRef = 6D4171C925D6BB0000D2B8B2 /* UIImage+Extension.swift */; };
		6D4171E925D6BB0000D2B8B2 /* UINavigationController+Extension.swift in Sources */ = {isa = PBXBuildFile; fileRef = 6D4171CA25D6BB0000D2B8B2 /* UINavigationController+Extension.swift */; };
		6D4171EA25D6BB0000D2B8B2 /* Bundle+Extension.swift in Sources */ = {isa = PBXBuildFile; fileRef = 6D4171CB25D6BB0000D2B8B2 /* Bundle+Extension.swift */; };
		6D4171EB25D6BB0000D2B8B2 /* Double+Extension.swift in Sources */ = {isa = PBXBuildFile; fileRef = 6D4171CC25D6BB0000D2B8B2 /* Double+Extension.swift */; };
		6D4171EC25D6BB0000D2B8B2 /* UIViewController+Extension.swift in Sources */ = {isa = PBXBuildFile; fileRef = 6D4171CD25D6BB0000D2B8B2 /* UIViewController+Extension.swift */; };
		6D4171ED25D6BB0000D2B8B2 /* String+Extension.swift in Sources */ = {isa = PBXBuildFile; fileRef = 6D4171CE25D6BB0000D2B8B2 /* String+Extension.swift */; };
		6D4171EE25D6BB0000D2B8B2 /* NSMutableAttributedString+Extension.swift in Sources */ = {isa = PBXBuildFile; fileRef = 6D4171CF25D6BB0000D2B8B2 /* NSMutableAttributedString+Extension.swift */; };
		6D4171EF25D6BB0000D2B8B2 /* UINavigationBar+Extension.swift in Sources */ = {isa = PBXBuildFile; fileRef = 6D4171D025D6BB0000D2B8B2 /* UINavigationBar+Extension.swift */; };
		6D4171F025D6BB0000D2B8B2 /* BaseViewController.swift in Sources */ = {isa = PBXBuildFile; fileRef = 6D4171D225D6BB0000D2B8B2 /* BaseViewController.swift */; };
		6D4171F125D6BB0000D2B8B2 /* BaseInteractor.swift in Sources */ = {isa = PBXBuildFile; fileRef = 6D4171D325D6BB0000D2B8B2 /* BaseInteractor.swift */; };
		6D4171F225D6BB0000D2B8B2 /* BaseAssembly.swift in Sources */ = {isa = PBXBuildFile; fileRef = 6D4171D425D6BB0000D2B8B2 /* BaseAssembly.swift */; };
		6D4171F325D6BB0000D2B8B2 /* BasePresenter.swift in Sources */ = {isa = PBXBuildFile; fileRef = 6D4171D525D6BB0000D2B8B2 /* BasePresenter.swift */; };
		6D4171F425D6BB0000D2B8B2 /* BaseRouter.swift in Sources */ = {isa = PBXBuildFile; fileRef = 6D4171D625D6BB0000D2B8B2 /* BaseRouter.swift */; };
		6D4171F525D6BB0000D2B8B2 /* BaseView.swift in Sources */ = {isa = PBXBuildFile; fileRef = 6D4171D725D6BB0000D2B8B2 /* BaseView.swift */; };
		6D41721225D6BD4A00D2B8B2 /* HomeDTO.swift in Sources */ = {isa = PBXBuildFile; fileRef = 6D41720625D6BD4A00D2B8B2 /* HomeDTO.swift */; };
		6D41721325D6BD4A00D2B8B2 /* HomeView.xib in Resources */ = {isa = PBXBuildFile; fileRef = 6D41720825D6BD4A00D2B8B2 /* HomeView.xib */; };
		6D41721425D6BD4A00D2B8B2 /* HomeView_iPad.xib in Resources */ = {isa = PBXBuildFile; fileRef = 6D41720925D6BD4A00D2B8B2 /* HomeView_iPad.xib */; };
		6D41721525D6BD4A00D2B8B2 /* HomeAssembly.swift in Sources */ = {isa = PBXBuildFile; fileRef = 6D41720A25D6BD4A00D2B8B2 /* HomeAssembly.swift */; };
		6D41721625D6BD4A00D2B8B2 /* HomeInteractor.swift in Sources */ = {isa = PBXBuildFile; fileRef = 6D41720B25D6BD4A00D2B8B2 /* HomeInteractor.swift */; };
		6D41721725D6BD4A00D2B8B2 /* HomeView.swift in Sources */ = {isa = PBXBuildFile; fileRef = 6D41720C25D6BD4A00D2B8B2 /* HomeView.swift */; };
		6D41721825D6BD4A00D2B8B2 /* HomeViewModel.swift in Sources */ = {isa = PBXBuildFile; fileRef = 6D41720E25D6BD4A00D2B8B2 /* HomeViewModel.swift */; };
		6D41721925D6BD4A00D2B8B2 /* HomeInteractorModel.swift in Sources */ = {isa = PBXBuildFile; fileRef = 6D41720F25D6BD4A00D2B8B2 /* HomeInteractorModel.swift */; };
		6D41721A25D6BD4A00D2B8B2 /* HomeRouter.swift in Sources */ = {isa = PBXBuildFile; fileRef = 6D41721025D6BD4A00D2B8B2 /* HomeRouter.swift */; };
		6D41721B25D6BD4A00D2B8B2 /* HomePresenter.swift in Sources */ = {isa = PBXBuildFile; fileRef = 6D41721125D6BD4A00D2B8B2 /* HomePresenter.swift */; };
		6D41722325D6C4F500D2B8B2 /* Menu.swift in Sources */ = {isa = PBXBuildFile; fileRef = 6D41722225D6C4F500D2B8B2 /* Menu.swift */; };
		6D41722C25D6C51C00D2B8B2 /* Menu.xib in Resources */ = {isa = PBXBuildFile; fileRef = 6D41722B25D6C51C00D2B8B2 /* Menu.xib */; };
		6D41724425DA775B00D2B8B2 /* PokemonCollectionViewCell.swift in Sources */ = {isa = PBXBuildFile; fileRef = 6D41724225DA775B00D2B8B2 /* PokemonCollectionViewCell.swift */; };
		6D41724525DA775B00D2B8B2 /* PokemonCollectionViewCell.xib in Resources */ = {isa = PBXBuildFile; fileRef = 6D41724325DA775B00D2B8B2 /* PokemonCollectionViewCell.xib */; };
		6D41724A25DA77B200D2B8B2 /* UICollectionView+Extension.swift in Sources */ = {isa = PBXBuildFile; fileRef = 6D41724925DA77B200D2B8B2 /* UICollectionView+Extension.swift */; };
		C97B1B88D54696A3A5DE742B /* Pods_PokeMe.framework in Frameworks */ = {isa = PBXBuildFile; fileRef = E7B013933F68461F9B775B08 /* Pods_PokeMe.framework */; };
		D2E7CC862F86867AF26B66E4 /* Pods_PokeMeTests.framework in Frameworks */ = {isa = PBXBuildFile; fileRef = BD725B1E2C48848481C47315 /* Pods_PokeMeTests.framework */; };
/* End PBXBuildFile section */

/* Begin PBXContainerItemProxy section */
		6D41717B25D6B8B500D2B8B2 /* PBXContainerItemProxy */ = {
			isa = PBXContainerItemProxy;
			containerPortal = 6D41715925D6B8B400D2B8B2 /* Project object */;
			proxyType = 1;
			remoteGlobalIDString = 6D41716025D6B8B400D2B8B2;
			remoteInfo = PokeMe;
		};
		6D41718625D6B8B500D2B8B2 /* PBXContainerItemProxy */ = {
			isa = PBXContainerItemProxy;
			containerPortal = 6D41715925D6B8B400D2B8B2 /* Project object */;
			proxyType = 1;
			remoteGlobalIDString = 6D41716025D6B8B400D2B8B2;
			remoteInfo = PokeMe;
		};
/* End PBXContainerItemProxy section */

/* Begin PBXFileReference section */
		35442680A80BB91ADE540718 /* Pods-PokeMe.release.xcconfig */ = {isa = PBXFileReference; includeInIndex = 1; lastKnownFileType = text.xcconfig; name = "Pods-PokeMe.release.xcconfig"; path = "Target Support Files/Pods-PokeMe/Pods-PokeMe.release.xcconfig"; sourceTree = "<group>"; };
		5887400281F106124DE12AA0 /* Pods-PokeMe.debug.xcconfig */ = {isa = PBXFileReference; includeInIndex = 1; lastKnownFileType = text.xcconfig; name = "Pods-PokeMe.debug.xcconfig"; path = "Target Support Files/Pods-PokeMe/Pods-PokeMe.debug.xcconfig"; sourceTree = "<group>"; };
		5B099AFF97AEF6EEBA7DC701 /* Pods-PokeMeTests.debug.xcconfig */ = {isa = PBXFileReference; includeInIndex = 1; lastKnownFileType = text.xcconfig; name = "Pods-PokeMeTests.debug.xcconfig"; path = "Target Support Files/Pods-PokeMeTests/Pods-PokeMeTests.debug.xcconfig"; sourceTree = "<group>"; };
		6D3D1CEB25DABFCA00131D94 /* CDLPokemonModel.swift */ = {isa = PBXFileReference; fileEncoding = 4; lastKnownFileType = sourcecode.swift; path = CDLPokemonModel.swift; sourceTree = "<group>"; };
		6D3D1CEC25DABFCA00131D94 /* CDLPokemon.swift */ = {isa = PBXFileReference; fileEncoding = 4; lastKnownFileType = sourcecode.swift; path = CDLPokemon.swift; sourceTree = "<group>"; };
		6D3D1CF225DD1CBA00131D94 /* InfoView.swift */ = {isa = PBXFileReference; lastKnownFileType = sourcecode.swift; path = InfoView.swift; sourceTree = "<group>"; };
		6D3D1CF725DD1CCA00131D94 /* InfoView.xib */ = {isa = PBXFileReference; lastKnownFileType = file.xib; path = InfoView.xib; sourceTree = "<group>"; };
		6D3D1CFC25DD2F0400131D94 /* Localizable.strings */ = {isa = PBXFileReference; lastKnownFileType = text.plist.strings; path = Localizable.strings; sourceTree = "<group>"; };
		6D3D1D1225DD51F400131D94 /* PokemonDetailDTO.swift */ = {isa = PBXFileReference; fileEncoding = 4; lastKnownFileType = sourcecode.swift; path = PokemonDetailDTO.swift; sourceTree = "<group>"; };
		6D3D1D1325DD51F400131D94 /* PokemonDetailRouter.swift */ = {isa = PBXFileReference; fileEncoding = 4; lastKnownFileType = sourcecode.swift; path = PokemonDetailRouter.swift; sourceTree = "<group>"; };
		6D3D1D1525DD51F400131D94 /* PokemonDetailView.xib */ = {isa = PBXFileReference; fileEncoding = 4; lastKnownFileType = file.xib; path = PokemonDetailView.xib; sourceTree = "<group>"; };
		6D3D1D1625DD51F400131D94 /* PokemonDetailView_iPad.xib */ = {isa = PBXFileReference; fileEncoding = 4; lastKnownFileType = file.xib; path = PokemonDetailView_iPad.xib; sourceTree = "<group>"; };
		6D3D1D1725DD51F400131D94 /* PokemonDetailView.swift */ = {isa = PBXFileReference; fileEncoding = 4; lastKnownFileType = sourcecode.swift; path = PokemonDetailView.swift; sourceTree = "<group>"; };
		6D3D1D1825DD51F400131D94 /* PokemonDetailAssembly.swift */ = {isa = PBXFileReference; fileEncoding = 4; lastKnownFileType = sourcecode.swift; path = PokemonDetailAssembly.swift; sourceTree = "<group>"; };
		6D3D1D1925DD51F400131D94 /* PokemonDetailInteractor.swift */ = {isa = PBXFileReference; fileEncoding = 4; lastKnownFileType = sourcecode.swift; path = PokemonDetailInteractor.swift; sourceTree = "<group>"; };
		6D3D1D1A25DD51F400131D94 /* PokemonDetailPresenter.swift */ = {isa = PBXFileReference; fileEncoding = 4; lastKnownFileType = sourcecode.swift; path = PokemonDetailPresenter.swift; sourceTree = "<group>"; };
		6D3D1D1C25DD51F400131D94 /* PokemonDetailViewModel.swift */ = {isa = PBXFileReference; fileEncoding = 4; lastKnownFileType = sourcecode.swift; path = PokemonDetailViewModel.swift; sourceTree = "<group>"; };
		6D3D1D1D25DD51F400131D94 /* PokemonDetailInteractorModel.swift */ = {isa = PBXFileReference; fileEncoding = 4; lastKnownFileType = sourcecode.swift; path = PokemonDetailInteractorModel.swift; sourceTree = "<group>"; };
		6D3D1D3225DD688F00131D94 /* PokemonStatsCollectionViewCell.swift */ = {isa = PBXFileReference; lastKnownFileType = sourcecode.swift; path = PokemonStatsCollectionViewCell.swift; sourceTree = "<group>"; };
		6D3D1D3325DD688F00131D94 /* PokemonStatsCollectionViewCell.xib */ = {isa = PBXFileReference; lastKnownFileType = file.xib; path = PokemonStatsCollectionViewCell.xib; sourceTree = "<group>"; };
		6D3D1D4325DD6DE700131D94 /* PokemonStatTableViewCell.swift */ = {isa = PBXFileReference; lastKnownFileType = sourcecode.swift; path = PokemonStatTableViewCell.swift; sourceTree = "<group>"; };
		6D3D1D4425DD6DE700131D94 /* PokemonStatTableViewCell.xib */ = {isa = PBXFileReference; lastKnownFileType = file.xib; path = PokemonStatTableViewCell.xib; sourceTree = "<group>"; };
		6D3D1D4D25DD712400131D94 /* UITableView+Extension.swift */ = {isa = PBXFileReference; fileEncoding = 4; lastKnownFileType = sourcecode.swift; path = "UITableView+Extension.swift"; sourceTree = "<group>"; };
		6D3D1D5225DE7F5E00131D94 /* HomeViewCollectionReusableHeaderView.swift */ = {isa = PBXFileReference; lastKnownFileType = sourcecode.swift; path = HomeViewCollectionReusableHeaderView.swift; sourceTree = "<group>"; };
		6D3D1D5325DE7F5E00131D94 /* HomeViewCollectionReusableHeaderView.xib */ = {isa = PBXFileReference; lastKnownFileType = file.xib; path = HomeViewCollectionReusableHeaderView.xib; sourceTree = "<group>"; };
		6D3D1D5925DE87C400131D94 /* HomeTutorialView.xib */ = {isa = PBXFileReference; lastKnownFileType = file.xib; path = HomeTutorialView.xib; sourceTree = "<group>"; };
		6D3D1D5E25DE8C3E00131D94 /* HomeTutorialView.swift */ = {isa = PBXFileReference; lastKnownFileType = sourcecode.swift; path = HomeTutorialView.swift; sourceTree = "<group>"; };
		6D3D1D6325DEA41700131D94 /* UIColor+Extension.swift */ = {isa = PBXFileReference; lastKnownFileType = sourcecode.swift; path = "UIColor+Extension.swift"; sourceTree = "<group>"; };
		6D3D1D6825DEAF4E00131D94 /* ShadowView.swift */ = {isa = PBXFileReference; lastKnownFileType = sourcecode.swift; path = ShadowView.swift; sourceTree = "<group>"; };
		6D3D1D6D25DECB7600131D94 /* CDLSavePokemonModel.swift */ = {isa = PBXFileReference; lastKnownFileType = sourcecode.swift; path = CDLSavePokemonModel.swift; sourceTree = "<group>"; };
		6D41716125D6B8B400D2B8B2 /* PokeMe.app */ = {isa = PBXFileReference; explicitFileType = wrapper.application; includeInIndex = 0; path = PokeMe.app; sourceTree = BUILT_PRODUCTS_DIR; };
		6D41716425D6B8B400D2B8B2 /* AppDelegate.swift */ = {isa = PBXFileReference; lastKnownFileType = sourcecode.swift; path = AppDelegate.swift; sourceTree = "<group>"; };
		6D41716825D6B8B400D2B8B2 /* ViewController.swift */ = {isa = PBXFileReference; lastKnownFileType = sourcecode.swift; path = ViewController.swift; sourceTree = "<group>"; };
		6D41716B25D6B8B400D2B8B2 /* Base */ = {isa = PBXFileReference; lastKnownFileType = file.storyboard; name = Base; path = Base.lproj/Main.storyboard; sourceTree = "<group>"; };
		6D41716E25D6B8B400D2B8B2 /* PokeMe.xcdatamodel */ = {isa = PBXFileReference; lastKnownFileType = wrapper.xcdatamodel; path = PokeMe.xcdatamodel; sourceTree = "<group>"; };
		6D41717025D6B8B500D2B8B2 /* Assets.xcassets */ = {isa = PBXFileReference; lastKnownFileType = folder.assetcatalog; path = Assets.xcassets; sourceTree = "<group>"; };
		6D41717325D6B8B500D2B8B2 /* Base */ = {isa = PBXFileReference; lastKnownFileType = file.storyboard; name = Base; path = Base.lproj/LaunchScreen.storyboard; sourceTree = "<group>"; };
		6D41717525D6B8B500D2B8B2 /* Info.plist */ = {isa = PBXFileReference; lastKnownFileType = text.plist.xml; path = Info.plist; sourceTree = "<group>"; };
		6D41717A25D6B8B500D2B8B2 /* PokeMeTests.xctest */ = {isa = PBXFileReference; explicitFileType = wrapper.cfbundle; includeInIndex = 0; path = PokeMeTests.xctest; sourceTree = BUILT_PRODUCTS_DIR; };
		6D41717E25D6B8B500D2B8B2 /* PokeMeTests.swift */ = {isa = PBXFileReference; lastKnownFileType = sourcecode.swift; path = PokeMeTests.swift; sourceTree = "<group>"; };
		6D41718025D6B8B500D2B8B2 /* Info.plist */ = {isa = PBXFileReference; lastKnownFileType = text.plist.xml; path = Info.plist; sourceTree = "<group>"; };
		6D41718525D6B8B500D2B8B2 /* PokeMeUITests.xctest */ = {isa = PBXFileReference; explicitFileType = wrapper.cfbundle; includeInIndex = 0; path = PokeMeUITests.xctest; sourceTree = BUILT_PRODUCTS_DIR; };
		6D41718925D6B8B600D2B8B2 /* PokeMeUITests.swift */ = {isa = PBXFileReference; lastKnownFileType = sourcecode.swift; path = PokeMeUITests.swift; sourceTree = "<group>"; };
		6D41718B25D6B8B600D2B8B2 /* Info.plist */ = {isa = PBXFileReference; lastKnownFileType = text.plist.xml; path = Info.plist; sourceTree = "<group>"; };
		6D4171B625D6BB0000D2B8B2 /* CommonDataLayer.swift */ = {isa = PBXFileReference; fileEncoding = 4; lastKnownFileType = sourcecode.swift; path = CommonDataLayer.swift; sourceTree = "<group>"; };
		6D4171B725D6BB0000D2B8B2 /* BaseCDL.swift */ = {isa = PBXFileReference; fileEncoding = 4; lastKnownFileType = sourcecode.swift; path = BaseCDL.swift; sourceTree = "<group>"; };
		6D4171B825D6BB0000D2B8B2 /* CommonDataLayerEndPoints.swift */ = {isa = PBXFileReference; fileEncoding = 4; lastKnownFileType = sourcecode.swift; path = CommonDataLayerEndPoints.swift; sourceTree = "<group>"; };
		6D4171B925D6BB0000D2B8B2 /* CDLResponse.swift */ = {isa = PBXFileReference; fileEncoding = 4; lastKnownFileType = sourcecode.swift; path = CDLResponse.swift; sourceTree = "<group>"; };
		6D4171BA25D6BB0000D2B8B2 /* CommonDataLayerBaseModel.swift */ = {isa = PBXFileReference; fileEncoding = 4; lastKnownFileType = sourcecode.swift; path = CommonDataLayerBaseModel.swift; sourceTree = "<group>"; };
		6D4171BD25D6BB0000D2B8B2 /* PokeMeEnums.swift */ = {isa = PBXFileReference; fileEncoding = 4; lastKnownFileType = sourcecode.swift; path = PokeMeEnums.swift; sourceTree = "<group>"; };
		6D4171BF25D6BB0000D2B8B2 /* PokeMeUtils.swift */ = {isa = PBXFileReference; fileEncoding = 4; lastKnownFileType = sourcecode.swift; path = PokeMeUtils.swift; sourceTree = "<group>"; };
		6D4171C125D6BB0000D2B8B2 /* UIApplication+Extension.swift */ = {isa = PBXFileReference; fileEncoding = 4; lastKnownFileType = sourcecode.swift; path = "UIApplication+Extension.swift"; sourceTree = "<group>"; };
		6D4171C225D6BB0000D2B8B2 /* UIImageView+Extension.swift */ = {isa = PBXFileReference; fileEncoding = 4; lastKnownFileType = sourcecode.swift; path = "UIImageView+Extension.swift"; sourceTree = "<group>"; };
		6D4171C325D6BB0000D2B8B2 /* UIAlertController+Extension.swift */ = {isa = PBXFileReference; fileEncoding = 4; lastKnownFileType = sourcecode.swift; path = "UIAlertController+Extension.swift"; sourceTree = "<group>"; };
		6D4171C425D6BB0000D2B8B2 /* Int+Extension.swift */ = {isa = PBXFileReference; fileEncoding = 4; lastKnownFileType = sourcecode.swift; path = "Int+Extension.swift"; sourceTree = "<group>"; };
		6D4171C525D6BB0000D2B8B2 /* Date+Extension.swift */ = {isa = PBXFileReference; fileEncoding = 4; lastKnownFileType = sourcecode.swift; path = "Date+Extension.swift"; sourceTree = "<group>"; };
		6D4171C625D6BB0000D2B8B2 /* UIButton+Extension.swift */ = {isa = PBXFileReference; fileEncoding = 4; lastKnownFileType = sourcecode.swift; path = "UIButton+Extension.swift"; sourceTree = "<group>"; };
		6D4171C725D6BB0000D2B8B2 /* NSObject+Extension.swift */ = {isa = PBXFileReference; fileEncoding = 4; lastKnownFileType = sourcecode.swift; path = "NSObject+Extension.swift"; sourceTree = "<group>"; };
		6D4171C825D6BB0000D2B8B2 /* UIView+Extension.swift */ = {isa = PBXFileReference; fileEncoding = 4; lastKnownFileType = sourcecode.swift; path = "UIView+Extension.swift"; sourceTree = "<group>"; };
		6D4171C925D6BB0000D2B8B2 /* UIImage+Extension.swift */ = {isa = PBXFileReference; fileEncoding = 4; lastKnownFileType = sourcecode.swift; path = "UIImage+Extension.swift"; sourceTree = "<group>"; };
		6D4171CA25D6BB0000D2B8B2 /* UINavigationController+Extension.swift */ = {isa = PBXFileReference; fileEncoding = 4; lastKnownFileType = sourcecode.swift; path = "UINavigationController+Extension.swift"; sourceTree = "<group>"; };
		6D4171CB25D6BB0000D2B8B2 /* Bundle+Extension.swift */ = {isa = PBXFileReference; fileEncoding = 4; lastKnownFileType = sourcecode.swift; path = "Bundle+Extension.swift"; sourceTree = "<group>"; };
		6D4171CC25D6BB0000D2B8B2 /* Double+Extension.swift */ = {isa = PBXFileReference; fileEncoding = 4; lastKnownFileType = sourcecode.swift; path = "Double+Extension.swift"; sourceTree = "<group>"; };
		6D4171CD25D6BB0000D2B8B2 /* UIViewController+Extension.swift */ = {isa = PBXFileReference; fileEncoding = 4; lastKnownFileType = sourcecode.swift; path = "UIViewController+Extension.swift"; sourceTree = "<group>"; };
		6D4171CE25D6BB0000D2B8B2 /* String+Extension.swift */ = {isa = PBXFileReference; fileEncoding = 4; lastKnownFileType = sourcecode.swift; path = "String+Extension.swift"; sourceTree = "<group>"; };
		6D4171CF25D6BB0000D2B8B2 /* NSMutableAttributedString+Extension.swift */ = {isa = PBXFileReference; fileEncoding = 4; lastKnownFileType = sourcecode.swift; path = "NSMutableAttributedString+Extension.swift"; sourceTree = "<group>"; };
		6D4171D025D6BB0000D2B8B2 /* UINavigationBar+Extension.swift */ = {isa = PBXFileReference; fileEncoding = 4; lastKnownFileType = sourcecode.swift; path = "UINavigationBar+Extension.swift"; sourceTree = "<group>"; };
		6D4171D225D6BB0000D2B8B2 /* BaseViewController.swift */ = {isa = PBXFileReference; fileEncoding = 4; lastKnownFileType = sourcecode.swift; path = BaseViewController.swift; sourceTree = "<group>"; };
		6D4171D325D6BB0000D2B8B2 /* BaseInteractor.swift */ = {isa = PBXFileReference; fileEncoding = 4; lastKnownFileType = sourcecode.swift; path = BaseInteractor.swift; sourceTree = "<group>"; };
		6D4171D425D6BB0000D2B8B2 /* BaseAssembly.swift */ = {isa = PBXFileReference; fileEncoding = 4; lastKnownFileType = sourcecode.swift; path = BaseAssembly.swift; sourceTree = "<group>"; };
		6D4171D525D6BB0000D2B8B2 /* BasePresenter.swift */ = {isa = PBXFileReference; fileEncoding = 4; lastKnownFileType = sourcecode.swift; path = BasePresenter.swift; sourceTree = "<group>"; };
		6D4171D625D6BB0000D2B8B2 /* BaseRouter.swift */ = {isa = PBXFileReference; fileEncoding = 4; lastKnownFileType = sourcecode.swift; path = BaseRouter.swift; sourceTree = "<group>"; };
		6D4171D725D6BB0000D2B8B2 /* BaseView.swift */ = {isa = PBXFileReference; fileEncoding = 4; lastKnownFileType = sourcecode.swift; path = BaseView.swift; sourceTree = "<group>"; };
		6D41720625D6BD4A00D2B8B2 /* HomeDTO.swift */ = {isa = PBXFileReference; fileEncoding = 4; lastKnownFileType = sourcecode.swift; path = HomeDTO.swift; sourceTree = "<group>"; };
		6D41720825D6BD4A00D2B8B2 /* HomeView.xib */ = {isa = PBXFileReference; fileEncoding = 4; lastKnownFileType = file.xib; path = HomeView.xib; sourceTree = "<group>"; };
		6D41720925D6BD4A00D2B8B2 /* HomeView_iPad.xib */ = {isa = PBXFileReference; fileEncoding = 4; lastKnownFileType = file.xib; path = HomeView_iPad.xib; sourceTree = "<group>"; };
		6D41720A25D6BD4A00D2B8B2 /* HomeAssembly.swift */ = {isa = PBXFileReference; fileEncoding = 4; lastKnownFileType = sourcecode.swift; path = HomeAssembly.swift; sourceTree = "<group>"; };
		6D41720B25D6BD4A00D2B8B2 /* HomeInteractor.swift */ = {isa = PBXFileReference; fileEncoding = 4; lastKnownFileType = sourcecode.swift; path = HomeInteractor.swift; sourceTree = "<group>"; };
		6D41720C25D6BD4A00D2B8B2 /* HomeView.swift */ = {isa = PBXFileReference; fileEncoding = 4; lastKnownFileType = sourcecode.swift; path = HomeView.swift; sourceTree = "<group>"; };
		6D41720E25D6BD4A00D2B8B2 /* HomeViewModel.swift */ = {isa = PBXFileReference; fileEncoding = 4; lastKnownFileType = sourcecode.swift; path = HomeViewModel.swift; sourceTree = "<group>"; };
		6D41720F25D6BD4A00D2B8B2 /* HomeInteractorModel.swift */ = {isa = PBXFileReference; fileEncoding = 4; lastKnownFileType = sourcecode.swift; path = HomeInteractorModel.swift; sourceTree = "<group>"; };
		6D41721025D6BD4A00D2B8B2 /* HomeRouter.swift */ = {isa = PBXFileReference; fileEncoding = 4; lastKnownFileType = sourcecode.swift; path = HomeRouter.swift; sourceTree = "<group>"; };
		6D41721125D6BD4A00D2B8B2 /* HomePresenter.swift */ = {isa = PBXFileReference; fileEncoding = 4; lastKnownFileType = sourcecode.swift; path = HomePresenter.swift; sourceTree = "<group>"; };
		6D41722225D6C4F500D2B8B2 /* Menu.swift */ = {isa = PBXFileReference; lastKnownFileType = sourcecode.swift; path = Menu.swift; sourceTree = "<group>"; };
		6D41722B25D6C51C00D2B8B2 /* Menu.xib */ = {isa = PBXFileReference; lastKnownFileType = file.xib; path = Menu.xib; sourceTree = "<group>"; };
		6D41724225DA775B00D2B8B2 /* PokemonCollectionViewCell.swift */ = {isa = PBXFileReference; lastKnownFileType = sourcecode.swift; path = PokemonCollectionViewCell.swift; sourceTree = "<group>"; };
		6D41724325DA775B00D2B8B2 /* PokemonCollectionViewCell.xib */ = {isa = PBXFileReference; lastKnownFileType = file.xib; path = PokemonCollectionViewCell.xib; sourceTree = "<group>"; };
		6D41724925DA77B200D2B8B2 /* UICollectionView+Extension.swift */ = {isa = PBXFileReference; fileEncoding = 4; lastKnownFileType = sourcecode.swift; path = "UICollectionView+Extension.swift"; sourceTree = "<group>"; };
		8018A9AEC731A9DB073C59BC /* Pods-PokeMe-PokeMeUITests.release.xcconfig */ = {isa = PBXFileReference; includeInIndex = 1; lastKnownFileType = text.xcconfig; name = "Pods-PokeMe-PokeMeUITests.release.xcconfig"; path = "Target Support Files/Pods-PokeMe-PokeMeUITests/Pods-PokeMe-PokeMeUITests.release.xcconfig"; sourceTree = "<group>"; };
		932B6F45818559491D85D7BC /* Pods-PokeMeTests.release.xcconfig */ = {isa = PBXFileReference; includeInIndex = 1; lastKnownFileType = text.xcconfig; name = "Pods-PokeMeTests.release.xcconfig"; path = "Target Support Files/Pods-PokeMeTests/Pods-PokeMeTests.release.xcconfig"; sourceTree = "<group>"; };
		9A1384BAE556D06327E3F880 /* Pods-PokeMe-PokeMeUITests.debug.xcconfig */ = {isa = PBXFileReference; includeInIndex = 1; lastKnownFileType = text.xcconfig; name = "Pods-PokeMe-PokeMeUITests.debug.xcconfig"; path = "Target Support Files/Pods-PokeMe-PokeMeUITests/Pods-PokeMe-PokeMeUITests.debug.xcconfig"; sourceTree = "<group>"; };
		BD725B1E2C48848481C47315 /* Pods_PokeMeTests.framework */ = {isa = PBXFileReference; explicitFileType = wrapper.framework; includeInIndex = 0; path = Pods_PokeMeTests.framework; sourceTree = BUILT_PRODUCTS_DIR; };
		E7B013933F68461F9B775B08 /* Pods_PokeMe.framework */ = {isa = PBXFileReference; explicitFileType = wrapper.framework; includeInIndex = 0; path = Pods_PokeMe.framework; sourceTree = BUILT_PRODUCTS_DIR; };
		F04819B94A1F1A254DE60230 /* Pods_PokeMe_PokeMeUITests.framework */ = {isa = PBXFileReference; explicitFileType = wrapper.framework; includeInIndex = 0; path = Pods_PokeMe_PokeMeUITests.framework; sourceTree = BUILT_PRODUCTS_DIR; };
/* End PBXFileReference section */

/* Begin PBXFrameworksBuildPhase section */
		6D41715E25D6B8B400D2B8B2 /* Frameworks */ = {
			isa = PBXFrameworksBuildPhase;
			buildActionMask = 2147483647;
			files = (
				C97B1B88D54696A3A5DE742B /* Pods_PokeMe.framework in Frameworks */,
			);
			runOnlyForDeploymentPostprocessing = 0;
		};
		6D41717725D6B8B500D2B8B2 /* Frameworks */ = {
			isa = PBXFrameworksBuildPhase;
			buildActionMask = 2147483647;
			files = (
				D2E7CC862F86867AF26B66E4 /* Pods_PokeMeTests.framework in Frameworks */,
			);
			runOnlyForDeploymentPostprocessing = 0;
		};
		6D41718225D6B8B500D2B8B2 /* Frameworks */ = {
			isa = PBXFrameworksBuildPhase;
			buildActionMask = 2147483647;
			files = (
				4560F5F7AD119A7F18795BA9 /* Pods_PokeMe_PokeMeUITests.framework in Frameworks */,
			);
			runOnlyForDeploymentPostprocessing = 0;
		};
/* End PBXFrameworksBuildPhase section */

/* Begin PBXGroup section */
		37C578FA68BDB6589555D502 /* Pods */ = {
			isa = PBXGroup;
			children = (
				5887400281F106124DE12AA0 /* Pods-PokeMe.debug.xcconfig */,
				35442680A80BB91ADE540718 /* Pods-PokeMe.release.xcconfig */,
				9A1384BAE556D06327E3F880 /* Pods-PokeMe-PokeMeUITests.debug.xcconfig */,
				8018A9AEC731A9DB073C59BC /* Pods-PokeMe-PokeMeUITests.release.xcconfig */,
				5B099AFF97AEF6EEBA7DC701 /* Pods-PokeMeTests.debug.xcconfig */,
				932B6F45818559491D85D7BC /* Pods-PokeMeTests.release.xcconfig */,
			);
			path = Pods;
			sourceTree = "<group>";
		};
		6D3D1CEA25DABFCA00131D94 /* Pokemon */ = {
			isa = PBXGroup;
			children = (
				6D3D1CEB25DABFCA00131D94 /* CDLPokemonModel.swift */,
				6D3D1CEC25DABFCA00131D94 /* CDLPokemon.swift */,
				6D3D1D6D25DECB7600131D94 /* CDLSavePokemonModel.swift */,
			);
			path = Pokemon;
			sourceTree = "<group>";
		};
		6D3D1D1025DD51F400131D94 /* PokemonDetail */ = {
			isa = PBXGroup;
			children = (
				6D3D1D1125DD51F400131D94 /* DTO */,
				6D3D1D1B25DD51F400131D94 /* Models */,
				6D3D1D1425DD51F400131D94 /* XIB */,
				6D3D1D1325DD51F400131D94 /* PokemonDetailRouter.swift */,
				6D3D1D1725DD51F400131D94 /* PokemonDetailView.swift */,
				6D3D1D1825DD51F400131D94 /* PokemonDetailAssembly.swift */,
				6D3D1D1925DD51F400131D94 /* PokemonDetailInteractor.swift */,
				6D3D1D1A25DD51F400131D94 /* PokemonDetailPresenter.swift */,
			);
			path = PokemonDetail;
			sourceTree = "<group>";
		};
		6D3D1D1125DD51F400131D94 /* DTO */ = {
			isa = PBXGroup;
			children = (
				6D3D1D1225DD51F400131D94 /* PokemonDetailDTO.swift */,
			);
			path = DTO;
			sourceTree = "<group>";
		};
		6D3D1D1425DD51F400131D94 /* XIB */ = {
			isa = PBXGroup;
			children = (
				6D3D1D1525DD51F400131D94 /* PokemonDetailView.xib */,
				6D3D1D1625DD51F400131D94 /* PokemonDetailView_iPad.xib */,
			);
			path = XIB;
			sourceTree = "<group>";
		};
		6D3D1D1B25DD51F400131D94 /* Models */ = {
			isa = PBXGroup;
			children = (
				6D3D1D1C25DD51F400131D94 /* PokemonDetailViewModel.swift */,
				6D3D1D1D25DD51F400131D94 /* PokemonDetailInteractorModel.swift */,
			);
			path = Models;
			sourceTree = "<group>";
		};
		6D3D1D2E25DD686C00131D94 /* Cells */ = {
			isa = PBXGroup;
			children = (
				6D41724225DA775B00D2B8B2 /* PokemonCollectionViewCell.swift */,
				6D41724325DA775B00D2B8B2 /* PokemonCollectionViewCell.xib */,
				6D3D1D3225DD688F00131D94 /* PokemonStatsCollectionViewCell.swift */,
				6D3D1D3325DD688F00131D94 /* PokemonStatsCollectionViewCell.xib */,
				6D3D1D4325DD6DE700131D94 /* PokemonStatTableViewCell.swift */,
				6D3D1D4425DD6DE700131D94 /* PokemonStatTableViewCell.xib */,
			);
			path = Cells;
			sourceTree = "<group>";
		};
		6D41715825D6B8B400D2B8B2 = {
			isa = PBXGroup;
			children = (
				6D3D1CFC25DD2F0400131D94 /* Localizable.strings */,
				6D41716325D6B8B400D2B8B2 /* PokeMe */,
				6D41717D25D6B8B500D2B8B2 /* PokeMeTests */,
				6D41718825D6B8B500D2B8B2 /* PokeMeUITests */,
				6D41716225D6B8B400D2B8B2 /* Products */,
				37C578FA68BDB6589555D502 /* Pods */,
				A9840A4A3792AB1BE538DDE0 /* Frameworks */,
			);
			sourceTree = "<group>";
		};
		6D41716225D6B8B400D2B8B2 /* Products */ = {
			isa = PBXGroup;
			children = (
				6D41716125D6B8B400D2B8B2 /* PokeMe.app */,
				6D41717A25D6B8B500D2B8B2 /* PokeMeTests.xctest */,
				6D41718525D6B8B500D2B8B2 /* PokeMeUITests.xctest */,
			);
			name = Products;
			sourceTree = "<group>";
		};
		6D41716325D6B8B400D2B8B2 /* PokeMe */ = {
			isa = PBXGroup;
			children = (
				6D4171B525D6BB0000D2B8B2 /* CDL */,
				6D4171BB25D6BB0000D2B8B2 /* BaseLibs */,
				6D41722725D6C50100D2B8B2 /* BaseUIElements */,
				6D4171D825D6BB0000D2B8B2 /* VIPER */,
				6D41716425D6B8B400D2B8B2 /* AppDelegate.swift */,
				6D41716825D6B8B400D2B8B2 /* ViewController.swift */,
				6D41716A25D6B8B400D2B8B2 /* Main.storyboard */,
				6D41717025D6B8B500D2B8B2 /* Assets.xcassets */,
				6D41717225D6B8B500D2B8B2 /* LaunchScreen.storyboard */,
				6D41717525D6B8B500D2B8B2 /* Info.plist */,
				6D41716D25D6B8B400D2B8B2 /* PokeMe.xcdatamodeld */,
			);
			path = PokeMe;
			sourceTree = "<group>";
		};
		6D41717D25D6B8B500D2B8B2 /* PokeMeTests */ = {
			isa = PBXGroup;
			children = (
				6D41717E25D6B8B500D2B8B2 /* PokeMeTests.swift */,
				6D41718025D6B8B500D2B8B2 /* Info.plist */,
			);
			path = PokeMeTests;
			sourceTree = "<group>";
		};
		6D41718825D6B8B500D2B8B2 /* PokeMeUITests */ = {
			isa = PBXGroup;
			children = (
				6D41718925D6B8B600D2B8B2 /* PokeMeUITests.swift */,
				6D41718B25D6B8B600D2B8B2 /* Info.plist */,
			);
			path = PokeMeUITests;
			sourceTree = "<group>";
		};
		6D4171B525D6BB0000D2B8B2 /* CDL */ = {
			isa = PBXGroup;
			children = (
				6D3D1CEA25DABFCA00131D94 /* Pokemon */,
				6D4171B625D6BB0000D2B8B2 /* CommonDataLayer.swift */,
				6D4171B725D6BB0000D2B8B2 /* BaseCDL.swift */,
				6D4171B825D6BB0000D2B8B2 /* CommonDataLayerEndPoints.swift */,
				6D4171B925D6BB0000D2B8B2 /* CDLResponse.swift */,
				6D4171BA25D6BB0000D2B8B2 /* CommonDataLayerBaseModel.swift */,
			);
			path = CDL;
			sourceTree = "<group>";
		};
		6D4171BB25D6BB0000D2B8B2 /* BaseLibs */ = {
			isa = PBXGroup;
			children = (
				6D4171BC25D6BB0000D2B8B2 /* Enums */,
				6D4171BE25D6BB0000D2B8B2 /* Utils */,
				6D4171C025D6BB0000D2B8B2 /* Extensions */,
				6D4171D125D6BB0000D2B8B2 /* Base */,
			);
			path = BaseLibs;
			sourceTree = "<group>";
		};
		6D4171BC25D6BB0000D2B8B2 /* Enums */ = {
			isa = PBXGroup;
			children = (
				6D4171BD25D6BB0000D2B8B2 /* PokeMeEnums.swift */,
			);
			path = Enums;
			sourceTree = "<group>";
		};
		6D4171BE25D6BB0000D2B8B2 /* Utils */ = {
			isa = PBXGroup;
			children = (
				6D4171BF25D6BB0000D2B8B2 /* PokeMeUtils.swift */,
			);
			path = Utils;
			sourceTree = "<group>";
		};
		6D4171C025D6BB0000D2B8B2 /* Extensions */ = {
			isa = PBXGroup;
			children = (
				6D3D1D4D25DD712400131D94 /* UITableView+Extension.swift */,
				6D41724925DA77B200D2B8B2 /* UICollectionView+Extension.swift */,
				6D4171C125D6BB0000D2B8B2 /* UIApplication+Extension.swift */,
				6D4171C225D6BB0000D2B8B2 /* UIImageView+Extension.swift */,
				6D4171C325D6BB0000D2B8B2 /* UIAlertController+Extension.swift */,
				6D4171C425D6BB0000D2B8B2 /* Int+Extension.swift */,
				6D4171C525D6BB0000D2B8B2 /* Date+Extension.swift */,
				6D4171C625D6BB0000D2B8B2 /* UIButton+Extension.swift */,
				6D4171C725D6BB0000D2B8B2 /* NSObject+Extension.swift */,
				6D4171C825D6BB0000D2B8B2 /* UIView+Extension.swift */,
				6D4171C925D6BB0000D2B8B2 /* UIImage+Extension.swift */,
				6D4171CA25D6BB0000D2B8B2 /* UINavigationController+Extension.swift */,
				6D4171CB25D6BB0000D2B8B2 /* Bundle+Extension.swift */,
				6D4171CC25D6BB0000D2B8B2 /* Double+Extension.swift */,
				6D4171CD25D6BB0000D2B8B2 /* UIViewController+Extension.swift */,
				6D4171CE25D6BB0000D2B8B2 /* String+Extension.swift */,
				6D4171CF25D6BB0000D2B8B2 /* NSMutableAttributedString+Extension.swift */,
				6D4171D025D6BB0000D2B8B2 /* UINavigationBar+Extension.swift */,
				6D3D1D6325DEA41700131D94 /* UIColor+Extension.swift */,
			);
			path = Extensions;
			sourceTree = "<group>";
		};
		6D4171D125D6BB0000D2B8B2 /* Base */ = {
			isa = PBXGroup;
			children = (
				6D4171D225D6BB0000D2B8B2 /* BaseViewController.swift */,
				6D4171D325D6BB0000D2B8B2 /* BaseInteractor.swift */,
				6D4171D425D6BB0000D2B8B2 /* BaseAssembly.swift */,
				6D4171D525D6BB0000D2B8B2 /* BasePresenter.swift */,
				6D4171D625D6BB0000D2B8B2 /* BaseRouter.swift */,
				6D4171D725D6BB0000D2B8B2 /* BaseView.swift */,
			);
			path = Base;
			sourceTree = "<group>";
		};
		6D4171D825D6BB0000D2B8B2 /* VIPER */ = {
			isa = PBXGroup;
			children = (
				6D3D1D1025DD51F400131D94 /* PokemonDetail */,
				6D41720425D6BD4A00D2B8B2 /* Home */,
			);
			path = VIPER;
			sourceTree = "<group>";
		};
		6D41720425D6BD4A00D2B8B2 /* Home */ = {
			isa = PBXGroup;
			children = (
				6D41720525D6BD4A00D2B8B2 /* DTO */,
				6D41720725D6BD4A00D2B8B2 /* XIB */,
				6D41720D25D6BD4A00D2B8B2 /* Models */,
				6D41720A25D6BD4A00D2B8B2 /* HomeAssembly.swift */,
				6D41720B25D6BD4A00D2B8B2 /* HomeInteractor.swift */,
				6D41720C25D6BD4A00D2B8B2 /* HomeView.swift */,
				6D41721025D6BD4A00D2B8B2 /* HomeRouter.swift */,
				6D41721125D6BD4A00D2B8B2 /* HomePresenter.swift */,
			);
			path = Home;
			sourceTree = "<group>";
		};
		6D41720525D6BD4A00D2B8B2 /* DTO */ = {
			isa = PBXGroup;
			children = (
				6D41720625D6BD4A00D2B8B2 /* HomeDTO.swift */,
			);
			path = DTO;
			sourceTree = "<group>";
		};
		6D41720725D6BD4A00D2B8B2 /* XIB */ = {
			isa = PBXGroup;
			children = (
				6D41720825D6BD4A00D2B8B2 /* HomeView.xib */,
				6D41720925D6BD4A00D2B8B2 /* HomeView_iPad.xib */,
				6D3D1D5225DE7F5E00131D94 /* HomeViewCollectionReusableHeaderView.swift */,
				6D3D1D5325DE7F5E00131D94 /* HomeViewCollectionReusableHeaderView.xib */,
			);
			path = XIB;
			sourceTree = "<group>";
		};
		6D41720D25D6BD4A00D2B8B2 /* Models */ = {
			isa = PBXGroup;
			children = (
				6D41720E25D6BD4A00D2B8B2 /* HomeViewModel.swift */,
				6D41720F25D6BD4A00D2B8B2 /* HomeInteractorModel.swift */,
			);
			path = Models;
			sourceTree = "<group>";
		};
		6D41722725D6C50100D2B8B2 /* BaseUIElements */ = {
			isa = PBXGroup;
			children = (
				6D41722225D6C4F500D2B8B2 /* Menu.swift */,
				6D41722B25D6C51C00D2B8B2 /* Menu.xib */,
				6D3D1CF225DD1CBA00131D94 /* InfoView.swift */,
				6D3D1CF725DD1CCA00131D94 /* InfoView.xib */,
				6D3D1D2E25DD686C00131D94 /* Cells */,
				6D3D1D5925DE87C400131D94 /* HomeTutorialView.xib */,
				6D3D1D5E25DE8C3E00131D94 /* HomeTutorialView.swift */,
				6D3D1D6825DEAF4E00131D94 /* ShadowView.swift */,
			);
			path = BaseUIElements;
			sourceTree = "<group>";
		};
		A9840A4A3792AB1BE538DDE0 /* Frameworks */ = {
			isa = PBXGroup;
			children = (
				E7B013933F68461F9B775B08 /* Pods_PokeMe.framework */,
				F04819B94A1F1A254DE60230 /* Pods_PokeMe_PokeMeUITests.framework */,
				BD725B1E2C48848481C47315 /* Pods_PokeMeTests.framework */,
			);
			name = Frameworks;
			sourceTree = "<group>";
		};
/* End PBXGroup section */

/* Begin PBXNativeTarget section */
		6D41716025D6B8B400D2B8B2 /* PokeMe */ = {
			isa = PBXNativeTarget;
			buildConfigurationList = 6D41718E25D6B8B600D2B8B2 /* Build configuration list for PBXNativeTarget "PokeMe" */;
			buildPhases = (
				41C061C5F4000FBCE9C94F73 /* [CP] Check Pods Manifest.lock */,
				6D41715D25D6B8B400D2B8B2 /* Sources */,
				6D41715E25D6B8B400D2B8B2 /* Frameworks */,
				6D41715F25D6B8B400D2B8B2 /* Resources */,
				3D0F2AF099784D60BD8AA962 /* [CP] Embed Pods Frameworks */,
			);
			buildRules = (
			);
			dependencies = (
			);
			name = PokeMe;
			productName = PokeMe;
			productReference = 6D41716125D6B8B400D2B8B2 /* PokeMe.app */;
			productType = "com.apple.product-type.application";
		};
		6D41717925D6B8B500D2B8B2 /* PokeMeTests */ = {
			isa = PBXNativeTarget;
			buildConfigurationList = 6D41719125D6B8B600D2B8B2 /* Build configuration list for PBXNativeTarget "PokeMeTests" */;
			buildPhases = (
				F68C6183AA6CBBD2032B8D8B /* [CP] Check Pods Manifest.lock */,
				6D41717625D6B8B500D2B8B2 /* Sources */,
				6D41717725D6B8B500D2B8B2 /* Frameworks */,
				6D41717825D6B8B500D2B8B2 /* Resources */,
			);
			buildRules = (
			);
			dependencies = (
				6D41717C25D6B8B500D2B8B2 /* PBXTargetDependency */,
			);
			name = PokeMeTests;
			productName = PokeMeTests;
			productReference = 6D41717A25D6B8B500D2B8B2 /* PokeMeTests.xctest */;
			productType = "com.apple.product-type.bundle.unit-test";
		};
		6D41718425D6B8B500D2B8B2 /* PokeMeUITests */ = {
			isa = PBXNativeTarget;
			buildConfigurationList = 6D41719425D6B8B600D2B8B2 /* Build configuration list for PBXNativeTarget "PokeMeUITests" */;
			buildPhases = (
				B7D6FF3FE8FD896DA58C8F46 /* [CP] Check Pods Manifest.lock */,
				6D41718125D6B8B500D2B8B2 /* Sources */,
				6D41718225D6B8B500D2B8B2 /* Frameworks */,
				6D41718325D6B8B500D2B8B2 /* Resources */,
				A6DEC35DF6F5E92138AFD0D5 /* [CP] Embed Pods Frameworks */,
			);
			buildRules = (
			);
			dependencies = (
				6D41718725D6B8B500D2B8B2 /* PBXTargetDependency */,
			);
			name = PokeMeUITests;
			productName = PokeMeUITests;
			productReference = 6D41718525D6B8B500D2B8B2 /* PokeMeUITests.xctest */;
			productType = "com.apple.product-type.bundle.ui-testing";
		};
/* End PBXNativeTarget section */

/* Begin PBXProject section */
		6D41715925D6B8B400D2B8B2 /* Project object */ = {
			isa = PBXProject;
			attributes = {
				LastSwiftUpdateCheck = 1220;
				LastUpgradeCheck = 1220;
				TargetAttributes = {
					6D41716025D6B8B400D2B8B2 = {
						CreatedOnToolsVersion = 12.2;
					};
					6D41717925D6B8B500D2B8B2 = {
						CreatedOnToolsVersion = 12.2;
						TestTargetID = 6D41716025D6B8B400D2B8B2;
					};
					6D41718425D6B8B500D2B8B2 = {
						CreatedOnToolsVersion = 12.2;
						TestTargetID = 6D41716025D6B8B400D2B8B2;
					};
				};
			};
			buildConfigurationList = 6D41715C25D6B8B400D2B8B2 /* Build configuration list for PBXProject "PokeMe" */;
			compatibilityVersion = "Xcode 9.3";
			developmentRegion = en;
			hasScannedForEncodings = 0;
			knownRegions = (
				en,
				Base,
			);
			mainGroup = 6D41715825D6B8B400D2B8B2;
			productRefGroup = 6D41716225D6B8B400D2B8B2 /* Products */;
			projectDirPath = "";
			projectRoot = "";
			targets = (
				6D41716025D6B8B400D2B8B2 /* PokeMe */,
				6D41717925D6B8B500D2B8B2 /* PokeMeTests */,
				6D41718425D6B8B500D2B8B2 /* PokeMeUITests */,
			);
		};
/* End PBXProject section */

/* Begin PBXResourcesBuildPhase section */
		6D41715F25D6B8B400D2B8B2 /* Resources */ = {
			isa = PBXResourcesBuildPhase;
			buildActionMask = 2147483647;
			files = (
				6D3D1D5A25DE87C400131D94 /* HomeTutorialView.xib in Resources */,
				6D3D1D5525DE7F5E00131D94 /* HomeViewCollectionReusableHeaderView.xib in Resources */,
				6D41717425D6B8B500D2B8B2 /* LaunchScreen.storyboard in Resources */,
				6D41721425D6BD4A00D2B8B2 /* HomeView_iPad.xib in Resources */,
				6D41721325D6BD4A00D2B8B2 /* HomeView.xib in Resources */,
				6D3D1D2025DD51F400131D94 /* PokemonDetailView.xib in Resources */,
				6D3D1D2125DD51F400131D94 /* PokemonDetailView_iPad.xib in Resources */,
				6D41724525DA775B00D2B8B2 /* PokemonCollectionViewCell.xib in Resources */,
				6D3D1CFD25DD2F0400131D94 /* Localizable.strings in Resources */,
				6D3D1CF825DD1CCA00131D94 /* InfoView.xib in Resources */,
				6D3D1D4625DD6DE700131D94 /* PokemonStatTableViewCell.xib in Resources */,
				6D41717125D6B8B500D2B8B2 /* Assets.xcassets in Resources */,
				6D41722C25D6C51C00D2B8B2 /* Menu.xib in Resources */,
				6D3D1D3525DD688F00131D94 /* PokemonStatsCollectionViewCell.xib in Resources */,
				6D41716C25D6B8B400D2B8B2 /* Main.storyboard in Resources */,
			);
			runOnlyForDeploymentPostprocessing = 0;
		};
		6D41717825D6B8B500D2B8B2 /* Resources */ = {
			isa = PBXResourcesBuildPhase;
			buildActionMask = 2147483647;
			files = (
			);
			runOnlyForDeploymentPostprocessing = 0;
		};
		6D41718325D6B8B500D2B8B2 /* Resources */ = {
			isa = PBXResourcesBuildPhase;
			buildActionMask = 2147483647;
			files = (
			);
			runOnlyForDeploymentPostprocessing = 0;
		};
/* End PBXResourcesBuildPhase section */

/* Begin PBXShellScriptBuildPhase section */
		3D0F2AF099784D60BD8AA962 /* [CP] Embed Pods Frameworks */ = {
			isa = PBXShellScriptBuildPhase;
			buildActionMask = 2147483647;
			files = (
			);
			inputFileListPaths = (
				"${PODS_ROOT}/Target Support Files/Pods-PokeMe/Pods-PokeMe-frameworks-${CONFIGURATION}-input-files.xcfilelist",
			);
			name = "[CP] Embed Pods Frameworks";
			outputFileListPaths = (
				"${PODS_ROOT}/Target Support Files/Pods-PokeMe/Pods-PokeMe-frameworks-${CONFIGURATION}-output-files.xcfilelist",
			);
			runOnlyForDeploymentPostprocessing = 0;
			shellPath = /bin/sh;
			shellScript = "\"${PODS_ROOT}/Target Support Files/Pods-PokeMe/Pods-PokeMe-frameworks.sh\"\n";
			showEnvVarsInLog = 0;
		};
		41C061C5F4000FBCE9C94F73 /* [CP] Check Pods Manifest.lock */ = {
			isa = PBXShellScriptBuildPhase;
			buildActionMask = 2147483647;
			files = (
			);
			inputFileListPaths = (
			);
			inputPaths = (
				"${PODS_PODFILE_DIR_PATH}/Podfile.lock",
				"${PODS_ROOT}/Manifest.lock",
			);
			name = "[CP] Check Pods Manifest.lock";
			outputFileListPaths = (
			);
			outputPaths = (
				"$(DERIVED_FILE_DIR)/Pods-PokeMe-checkManifestLockResult.txt",
			);
			runOnlyForDeploymentPostprocessing = 0;
			shellPath = /bin/sh;
			shellScript = "diff \"${PODS_PODFILE_DIR_PATH}/Podfile.lock\" \"${PODS_ROOT}/Manifest.lock\" > /dev/null\nif [ $? != 0 ] ; then\n    # print error to STDERR\n    echo \"error: The sandbox is not in sync with the Podfile.lock. Run 'pod install' or update your CocoaPods installation.\" >&2\n    exit 1\nfi\n# This output is used by Xcode 'outputs' to avoid re-running this script phase.\necho \"SUCCESS\" > \"${SCRIPT_OUTPUT_FILE_0}\"\n";
			showEnvVarsInLog = 0;
		};
		A6DEC35DF6F5E92138AFD0D5 /* [CP] Embed Pods Frameworks */ = {
			isa = PBXShellScriptBuildPhase;
			buildActionMask = 2147483647;
			files = (
			);
			inputFileListPaths = (
				"${PODS_ROOT}/Target Support Files/Pods-PokeMe-PokeMeUITests/Pods-PokeMe-PokeMeUITests-frameworks-${CONFIGURATION}-input-files.xcfilelist",
			);
			name = "[CP] Embed Pods Frameworks";
			outputFileListPaths = (
				"${PODS_ROOT}/Target Support Files/Pods-PokeMe-PokeMeUITests/Pods-PokeMe-PokeMeUITests-frameworks-${CONFIGURATION}-output-files.xcfilelist",
			);
			runOnlyForDeploymentPostprocessing = 0;
			shellPath = /bin/sh;
			shellScript = "\"${PODS_ROOT}/Target Support Files/Pods-PokeMe-PokeMeUITests/Pods-PokeMe-PokeMeUITests-frameworks.sh\"\n";
			showEnvVarsInLog = 0;
		};
		B7D6FF3FE8FD896DA58C8F46 /* [CP] Check Pods Manifest.lock */ = {
			isa = PBXShellScriptBuildPhase;
			buildActionMask = 2147483647;
			files = (
			);
			inputFileListPaths = (
			);
			inputPaths = (
				"${PODS_PODFILE_DIR_PATH}/Podfile.lock",
				"${PODS_ROOT}/Manifest.lock",
			);
			name = "[CP] Check Pods Manifest.lock";
			outputFileListPaths = (
			);
			outputPaths = (
				"$(DERIVED_FILE_DIR)/Pods-PokeMe-PokeMeUITests-checkManifestLockResult.txt",
			);
			runOnlyForDeploymentPostprocessing = 0;
			shellPath = /bin/sh;
			shellScript = "diff \"${PODS_PODFILE_DIR_PATH}/Podfile.lock\" \"${PODS_ROOT}/Manifest.lock\" > /dev/null\nif [ $? != 0 ] ; then\n    # print error to STDERR\n    echo \"error: The sandbox is not in sync with the Podfile.lock. Run 'pod install' or update your CocoaPods installation.\" >&2\n    exit 1\nfi\n# This output is used by Xcode 'outputs' to avoid re-running this script phase.\necho \"SUCCESS\" > \"${SCRIPT_OUTPUT_FILE_0}\"\n";
			showEnvVarsInLog = 0;
		};
		F68C6183AA6CBBD2032B8D8B /* [CP] Check Pods Manifest.lock */ = {
			isa = PBXShellScriptBuildPhase;
			buildActionMask = 2147483647;
			files = (
			);
			inputFileListPaths = (
			);
			inputPaths = (
				"${PODS_PODFILE_DIR_PATH}/Podfile.lock",
				"${PODS_ROOT}/Manifest.lock",
			);
			name = "[CP] Check Pods Manifest.lock";
			outputFileListPaths = (
			);
			outputPaths = (
				"$(DERIVED_FILE_DIR)/Pods-PokeMeTests-checkManifestLockResult.txt",
			);
			runOnlyForDeploymentPostprocessing = 0;
			shellPath = /bin/sh;
			shellScript = "diff \"${PODS_PODFILE_DIR_PATH}/Podfile.lock\" \"${PODS_ROOT}/Manifest.lock\" > /dev/null\nif [ $? != 0 ] ; then\n    # print error to STDERR\n    echo \"error: The sandbox is not in sync with the Podfile.lock. Run 'pod install' or update your CocoaPods installation.\" >&2\n    exit 1\nfi\n# This output is used by Xcode 'outputs' to avoid re-running this script phase.\necho \"SUCCESS\" > \"${SCRIPT_OUTPUT_FILE_0}\"\n";
			showEnvVarsInLog = 0;
		};
/* End PBXShellScriptBuildPhase section */

/* Begin PBXSourcesBuildPhase section */
		6D41715D25D6B8B400D2B8B2 /* Sources */ = {
			isa = PBXSourcesBuildPhase;
			buildActionMask = 2147483647;
			files = (
				6D4171EC25D6BB0000D2B8B2 /* UIViewController+Extension.swift in Sources */,
				6D3D1CED25DABFCA00131D94 /* CDLPokemonModel.swift in Sources */,
				6D3D1D4E25DD712400131D94 /* UITableView+Extension.swift in Sources */,
				6D3D1D6925DEAF4E00131D94 /* ShadowView.swift in Sources */,
				6D4171E325D6BB0000D2B8B2 /* Int+Extension.swift in Sources */,
				6D41716F25D6B8B400D2B8B2 /* PokeMe.xcdatamodeld in Sources */,
				6D4171D925D6BB0000D2B8B2 /* CommonDataLayer.swift in Sources */,
				6D4171EA25D6BB0000D2B8B2 /* Bundle+Extension.swift in Sources */,
				6D4171F025D6BB0000D2B8B2 /* BaseViewController.swift in Sources */,
				6D4171E525D6BB0000D2B8B2 /* UIButton+Extension.swift in Sources */,
				6D3D1D3425DD688F00131D94 /* PokemonStatsCollectionViewCell.swift in Sources */,
				6D4171F425D6BB0000D2B8B2 /* BaseRouter.swift in Sources */,
				6D3D1D2725DD51F400131D94 /* PokemonDetailInteractorModel.swift in Sources */,
				6D4171E125D6BB0000D2B8B2 /* UIImageView+Extension.swift in Sources */,
				6D41721925D6BD4A00D2B8B2 /* HomeInteractorModel.swift in Sources */,
				6D41724425DA775B00D2B8B2 /* PokemonCollectionViewCell.swift in Sources */,
				6D4171F525D6BB0000D2B8B2 /* BaseView.swift in Sources */,
				6D4171DA25D6BB0000D2B8B2 /* BaseCDL.swift in Sources */,
				6D4171F125D6BB0000D2B8B2 /* BaseInteractor.swift in Sources */,
				6D3D1D4525DD6DE700131D94 /* PokemonStatTableViewCell.swift in Sources */,
				6D3D1D6E25DECB7600131D94 /* CDLSavePokemonModel.swift in Sources */,
				6D4171ED25D6BB0000D2B8B2 /* String+Extension.swift in Sources */,
				6D4171E425D6BB0000D2B8B2 /* Date+Extension.swift in Sources */,
				6D4171E825D6BB0000D2B8B2 /* UIImage+Extension.swift in Sources */,
				6D41721625D6BD4A00D2B8B2 /* HomeInteractor.swift in Sources */,
				6D4171DB25D6BB0000D2B8B2 /* CommonDataLayerEndPoints.swift in Sources */,
				6D4171DD25D6BB0000D2B8B2 /* CommonDataLayerBaseModel.swift in Sources */,
				6D4171DF25D6BB0000D2B8B2 /* PokeMeUtils.swift in Sources */,
				6D41721825D6BD4A00D2B8B2 /* HomeViewModel.swift in Sources */,
				6D4171E925D6BB0000D2B8B2 /* UINavigationController+Extension.swift in Sources */,
				6D4171DE25D6BB0000D2B8B2 /* PokeMeEnums.swift in Sources */,
				6D41721225D6BD4A00D2B8B2 /* HomeDTO.swift in Sources */,
				6D4171F325D6BB0000D2B8B2 /* BasePresenter.swift in Sources */,
				6D41721725D6BD4A00D2B8B2 /* HomeView.swift in Sources */,
				6D3D1D1E25DD51F400131D94 /* PokemonDetailDTO.swift in Sources */,
				6D4171EE25D6BB0000D2B8B2 /* NSMutableAttributedString+Extension.swift in Sources */,
				6D4171E625D6BB0000D2B8B2 /* NSObject+Extension.swift in Sources */,
				6D3D1D5F25DE8C3E00131D94 /* HomeTutorialView.swift in Sources */,
				6D41721B25D6BD4A00D2B8B2 /* HomePresenter.swift in Sources */,
				6D4171EB25D6BB0000D2B8B2 /* Double+Extension.swift in Sources */,
				6D3D1D2225DD51F400131D94 /* PokemonDetailView.swift in Sources */,
				6D3D1D6425DEA41700131D94 /* UIColor+Extension.swift in Sources */,
				6D3D1D1F25DD51F400131D94 /* PokemonDetailRouter.swift in Sources */,
				6D41722325D6C4F500D2B8B2 /* Menu.swift in Sources */,
				6D41721A25D6BD4A00D2B8B2 /* HomeRouter.swift in Sources */,
				6D4171E725D6BB0000D2B8B2 /* UIView+Extension.swift in Sources */,
				6D3D1D5425DE7F5E00131D94 /* HomeViewCollectionReusableHeaderView.swift in Sources */,
				6D3D1D2625DD51F400131D94 /* PokemonDetailViewModel.swift in Sources */,
				6D3D1CEE25DABFCA00131D94 /* CDLPokemon.swift in Sources */,
				6D4171E225D6BB0000D2B8B2 /* UIAlertController+Extension.swift in Sources */,
				6D3D1D2325DD51F400131D94 /* PokemonDetailAssembly.swift in Sources */,
				6D41721525D6BD4A00D2B8B2 /* HomeAssembly.swift in Sources */,
				6D3D1CF325DD1CBA00131D94 /* InfoView.swift in Sources */,
				6D3D1D2525DD51F400131D94 /* PokemonDetailPresenter.swift in Sources */,
				6D41716925D6B8B400D2B8B2 /* ViewController.swift in Sources */,
				6D41716525D6B8B400D2B8B2 /* AppDelegate.swift in Sources */,
				6D4171EF25D6BB0000D2B8B2 /* UINavigationBar+Extension.swift in Sources */,
				6D4171F225D6BB0000D2B8B2 /* BaseAssembly.swift in Sources */,
				6D41724A25DA77B200D2B8B2 /* UICollectionView+Extension.swift in Sources */,
				6D4171DC25D6BB0000D2B8B2 /* CDLResponse.swift in Sources */,
				6D4171E025D6BB0000D2B8B2 /* UIApplication+Extension.swift in Sources */,
				6D3D1D2425DD51F400131D94 /* PokemonDetailInteractor.swift in Sources */,
			);
			runOnlyForDeploymentPostprocessing = 0;
		};
		6D41717625D6B8B500D2B8B2 /* Sources */ = {
			isa = PBXSourcesBuildPhase;
			buildActionMask = 2147483647;
			files = (
				6D41717F25D6B8B500D2B8B2 /* PokeMeTests.swift in Sources */,
			);
			runOnlyForDeploymentPostprocessing = 0;
		};
		6D41718125D6B8B500D2B8B2 /* Sources */ = {
			isa = PBXSourcesBuildPhase;
			buildActionMask = 2147483647;
			files = (
				6D41718A25D6B8B600D2B8B2 /* PokeMeUITests.swift in Sources */,
			);
			runOnlyForDeploymentPostprocessing = 0;
		};
/* End PBXSourcesBuildPhase section */

/* Begin PBXTargetDependency section */
		6D41717C25D6B8B500D2B8B2 /* PBXTargetDependency */ = {
			isa = PBXTargetDependency;
			target = 6D41716025D6B8B400D2B8B2 /* PokeMe */;
			targetProxy = 6D41717B25D6B8B500D2B8B2 /* PBXContainerItemProxy */;
		};
		6D41718725D6B8B500D2B8B2 /* PBXTargetDependency */ = {
			isa = PBXTargetDependency;
			target = 6D41716025D6B8B400D2B8B2 /* PokeMe */;
			targetProxy = 6D41718625D6B8B500D2B8B2 /* PBXContainerItemProxy */;
		};
/* End PBXTargetDependency section */

/* Begin PBXVariantGroup section */
		6D41716A25D6B8B400D2B8B2 /* Main.storyboard */ = {
			isa = PBXVariantGroup;
			children = (
				6D41716B25D6B8B400D2B8B2 /* Base */,
			);
			name = Main.storyboard;
			sourceTree = "<group>";
		};
		6D41717225D6B8B500D2B8B2 /* LaunchScreen.storyboard */ = {
			isa = PBXVariantGroup;
			children = (
				6D41717325D6B8B500D2B8B2 /* Base */,
			);
			name = LaunchScreen.storyboard;
			sourceTree = "<group>";
		};
/* End PBXVariantGroup section */

/* Begin XCBuildConfiguration section */
		6D41718C25D6B8B600D2B8B2 /* Debug */ = {
			isa = XCBuildConfiguration;
			buildSettings = {
				ALWAYS_SEARCH_USER_PATHS = NO;
				CLANG_ANALYZER_NONNULL = YES;
				CLANG_ANALYZER_NUMBER_OBJECT_CONVERSION = YES_AGGRESSIVE;
				CLANG_CXX_LANGUAGE_STANDARD = "gnu++14";
				CLANG_CXX_LIBRARY = "libc++";
				CLANG_ENABLE_MODULES = YES;
				CLANG_ENABLE_OBJC_ARC = YES;
				CLANG_ENABLE_OBJC_WEAK = YES;
				CLANG_WARN_BLOCK_CAPTURE_AUTORELEASING = YES;
				CLANG_WARN_BOOL_CONVERSION = YES;
				CLANG_WARN_COMMA = YES;
				CLANG_WARN_CONSTANT_CONVERSION = YES;
				CLANG_WARN_DEPRECATED_OBJC_IMPLEMENTATIONS = YES;
				CLANG_WARN_DIRECT_OBJC_ISA_USAGE = YES_ERROR;
				CLANG_WARN_DOCUMENTATION_COMMENTS = YES;
				CLANG_WARN_EMPTY_BODY = YES;
				CLANG_WARN_ENUM_CONVERSION = YES;
				CLANG_WARN_INFINITE_RECURSION = YES;
				CLANG_WARN_INT_CONVERSION = YES;
				CLANG_WARN_NON_LITERAL_NULL_CONVERSION = YES;
				CLANG_WARN_OBJC_IMPLICIT_RETAIN_SELF = YES;
				CLANG_WARN_OBJC_LITERAL_CONVERSION = YES;
				CLANG_WARN_OBJC_ROOT_CLASS = YES_ERROR;
				CLANG_WARN_QUOTED_INCLUDE_IN_FRAMEWORK_HEADER = YES;
				CLANG_WARN_RANGE_LOOP_ANALYSIS = YES;
				CLANG_WARN_STRICT_PROTOTYPES = YES;
				CLANG_WARN_SUSPICIOUS_MOVE = YES;
				CLANG_WARN_UNGUARDED_AVAILABILITY = YES_AGGRESSIVE;
				CLANG_WARN_UNREACHABLE_CODE = YES;
				CLANG_WARN__DUPLICATE_METHOD_MATCH = YES;
				COPY_PHASE_STRIP = NO;
				DEBUG_INFORMATION_FORMAT = dwarf;
				ENABLE_STRICT_OBJC_MSGSEND = YES;
				ENABLE_TESTABILITY = YES;
				GCC_C_LANGUAGE_STANDARD = gnu11;
				GCC_DYNAMIC_NO_PIC = NO;
				GCC_NO_COMMON_BLOCKS = YES;
				GCC_OPTIMIZATION_LEVEL = 0;
				GCC_PREPROCESSOR_DEFINITIONS = (
					"DEBUG=1",
					"$(inherited)",
				);
				GCC_WARN_64_TO_32_BIT_CONVERSION = YES;
				GCC_WARN_ABOUT_RETURN_TYPE = YES_ERROR;
				GCC_WARN_UNDECLARED_SELECTOR = YES;
				GCC_WARN_UNINITIALIZED_AUTOS = YES_AGGRESSIVE;
				GCC_WARN_UNUSED_FUNCTION = YES;
				GCC_WARN_UNUSED_VARIABLE = YES;
				IPHONEOS_DEPLOYMENT_TARGET = 14.2;
				MTL_ENABLE_DEBUG_INFO = INCLUDE_SOURCE;
				MTL_FAST_MATH = YES;
				ONLY_ACTIVE_ARCH = YES;
				SDKROOT = iphoneos;
				SWIFT_ACTIVE_COMPILATION_CONDITIONS = DEBUG;
				SWIFT_OPTIMIZATION_LEVEL = "-Onone";
			};
			name = Debug;
		};
		6D41718D25D6B8B600D2B8B2 /* Release */ = {
			isa = XCBuildConfiguration;
			buildSettings = {
				ALWAYS_SEARCH_USER_PATHS = NO;
				CLANG_ANALYZER_NONNULL = YES;
				CLANG_ANALYZER_NUMBER_OBJECT_CONVERSION = YES_AGGRESSIVE;
				CLANG_CXX_LANGUAGE_STANDARD = "gnu++14";
				CLANG_CXX_LIBRARY = "libc++";
				CLANG_ENABLE_MODULES = YES;
				CLANG_ENABLE_OBJC_ARC = YES;
				CLANG_ENABLE_OBJC_WEAK = YES;
				CLANG_WARN_BLOCK_CAPTURE_AUTORELEASING = YES;
				CLANG_WARN_BOOL_CONVERSION = YES;
				CLANG_WARN_COMMA = YES;
				CLANG_WARN_CONSTANT_CONVERSION = YES;
				CLANG_WARN_DEPRECATED_OBJC_IMPLEMENTATIONS = YES;
				CLANG_WARN_DIRECT_OBJC_ISA_USAGE = YES_ERROR;
				CLANG_WARN_DOCUMENTATION_COMMENTS = YES;
				CLANG_WARN_EMPTY_BODY = YES;
				CLANG_WARN_ENUM_CONVERSION = YES;
				CLANG_WARN_INFINITE_RECURSION = YES;
				CLANG_WARN_INT_CONVERSION = YES;
				CLANG_WARN_NON_LITERAL_NULL_CONVERSION = YES;
				CLANG_WARN_OBJC_IMPLICIT_RETAIN_SELF = YES;
				CLANG_WARN_OBJC_LITERAL_CONVERSION = YES;
				CLANG_WARN_OBJC_ROOT_CLASS = YES_ERROR;
				CLANG_WARN_QUOTED_INCLUDE_IN_FRAMEWORK_HEADER = YES;
				CLANG_WARN_RANGE_LOOP_ANALYSIS = YES;
				CLANG_WARN_STRICT_PROTOTYPES = YES;
				CLANG_WARN_SUSPICIOUS_MOVE = YES;
				CLANG_WARN_UNGUARDED_AVAILABILITY = YES_AGGRESSIVE;
				CLANG_WARN_UNREACHABLE_CODE = YES;
				CLANG_WARN__DUPLICATE_METHOD_MATCH = YES;
				COPY_PHASE_STRIP = NO;
				DEBUG_INFORMATION_FORMAT = "dwarf-with-dsym";
				ENABLE_NS_ASSERTIONS = NO;
				ENABLE_STRICT_OBJC_MSGSEND = YES;
				GCC_C_LANGUAGE_STANDARD = gnu11;
				GCC_NO_COMMON_BLOCKS = YES;
				GCC_WARN_64_TO_32_BIT_CONVERSION = YES;
				GCC_WARN_ABOUT_RETURN_TYPE = YES_ERROR;
				GCC_WARN_UNDECLARED_SELECTOR = YES;
				GCC_WARN_UNINITIALIZED_AUTOS = YES_AGGRESSIVE;
				GCC_WARN_UNUSED_FUNCTION = YES;
				GCC_WARN_UNUSED_VARIABLE = YES;
				IPHONEOS_DEPLOYMENT_TARGET = 14.2;
				MTL_ENABLE_DEBUG_INFO = NO;
				MTL_FAST_MATH = YES;
				SDKROOT = iphoneos;
				SWIFT_COMPILATION_MODE = wholemodule;
				SWIFT_OPTIMIZATION_LEVEL = "-O";
				VALIDATE_PRODUCT = YES;
			};
			name = Release;
		};
		6D41718F25D6B8B600D2B8B2 /* Debug */ = {
			isa = XCBuildConfiguration;
			baseConfigurationReference = 5887400281F106124DE12AA0 /* Pods-PokeMe.debug.xcconfig */;
			buildSettings = {
				ASSETCATALOG_COMPILER_APPICON_NAME = AppIcon;
				ASSETCATALOG_COMPILER_GLOBAL_ACCENT_COLOR_NAME = AccentColor;
				CODE_SIGN_STYLE = Automatic;
				DEVELOPMENT_TEAM = 8YM7L88DQC;
				INFOPLIST_FILE = PokeMe/Info.plist;
				IPHONEOS_DEPLOYMENT_TARGET = 14.0;
				LD_RUNPATH_SEARCH_PATHS = (
					"$(inherited)",
					"@executable_path/Frameworks",
				);
				PRODUCT_BUNDLE_IDENTIFIER = pt.everis.PokeMe;
				PRODUCT_NAME = "$(TARGET_NAME)";
				SWIFT_VERSION = 5.0;
				TARGETED_DEVICE_FAMILY = "1,2";
			};
			name = Debug;
		};
		6D41719025D6B8B600D2B8B2 /* Release */ = {
			isa = XCBuildConfiguration;
			baseConfigurationReference = 35442680A80BB91ADE540718 /* Pods-PokeMe.release.xcconfig */;
			buildSettings = {
				ASSETCATALOG_COMPILER_APPICON_NAME = AppIcon;
				ASSETCATALOG_COMPILER_GLOBAL_ACCENT_COLOR_NAME = AccentColor;
				CODE_SIGN_STYLE = Automatic;
				DEVELOPMENT_TEAM = 8YM7L88DQC;
				INFOPLIST_FILE = PokeMe/Info.plist;
				IPHONEOS_DEPLOYMENT_TARGET = 14.0;
				LD_RUNPATH_SEARCH_PATHS = (
					"$(inherited)",
					"@executable_path/Frameworks",
				);
				PRODUCT_BUNDLE_IDENTIFIER = pt.everis.PokeMe;
				PRODUCT_NAME = "$(TARGET_NAME)";
				SWIFT_VERSION = 5.0;
				TARGETED_DEVICE_FAMILY = "1,2";
			};
			name = Release;
		};
		6D41719225D6B8B600D2B8B2 /* Debug */ = {
			isa = XCBuildConfiguration;
			baseConfigurationReference = 5B099AFF97AEF6EEBA7DC701 /* Pods-PokeMeTests.debug.xcconfig */;
			buildSettings = {
				ALWAYS_EMBED_SWIFT_STANDARD_LIBRARIES = YES;
				BUNDLE_LOADER = "$(TEST_HOST)";
				CODE_SIGN_STYLE = Automatic;
				DEVELOPMENT_TEAM = 8YM7L88DQC;
				INFOPLIST_FILE = PokeMeTests/Info.plist;
				IPHONEOS_DEPLOYMENT_TARGET = 14.2;
				LD_RUNPATH_SEARCH_PATHS = (
					"$(inherited)",
					"@executable_path/Frameworks",
					"@loader_path/Frameworks",
				);
				PRODUCT_BUNDLE_IDENTIFIER = pt.everis.PokeMe.PokeMeTests;
				PRODUCT_NAME = "$(TARGET_NAME)";
				SWIFT_VERSION = 5.0;
				TARGETED_DEVICE_FAMILY = "1,2";
				TEST_HOST = "$(BUILT_PRODUCTS_DIR)/PokeMe.app/PokeMe";
			};
			name = Debug;
		};
		6D41719325D6B8B600D2B8B2 /* Release */ = {
			isa = XCBuildConfiguration;
			baseConfigurationReference = 932B6F45818559491D85D7BC /* Pods-PokeMeTests.release.xcconfig */;
			buildSettings = {
				ALWAYS_EMBED_SWIFT_STANDARD_LIBRARIES = YES;
				BUNDLE_LOADER = "$(TEST_HOST)";
				CODE_SIGN_STYLE = Automatic;
				DEVELOPMENT_TEAM = 8YM7L88DQC;
				INFOPLIST_FILE = PokeMeTests/Info.plist;
				IPHONEOS_DEPLOYMENT_TARGET = 14.2;
				LD_RUNPATH_SEARCH_PATHS = (
					"$(inherited)",
					"@executable_path/Frameworks",
					"@loader_path/Frameworks",
				);
				PRODUCT_BUNDLE_IDENTIFIER = pt.everis.PokeMe.PokeMeTests;
				PRODUCT_NAME = "$(TARGET_NAME)";
				SWIFT_VERSION = 5.0;
				TARGETED_DEVICE_FAMILY = "1,2";
				TEST_HOST = "$(BUILT_PRODUCTS_DIR)/PokeMe.app/PokeMe";
			};
			name = Release;
		};
		6D41719525D6B8B600D2B8B2 /* Debug */ = {
			isa = XCBuildConfiguration;
			baseConfigurationReference = 9A1384BAE556D06327E3F880 /* Pods-PokeMe-PokeMeUITests.debug.xcconfig */;
			buildSettings = {
				ALWAYS_EMBED_SWIFT_STANDARD_LIBRARIES = YES;
				CODE_SIGN_STYLE = Automatic;
				DEVELOPMENT_TEAM = 8YM7L88DQC;
				INFOPLIST_FILE = PokeMeUITests/Info.plist;
				LD_RUNPATH_SEARCH_PATHS = (
					"$(inherited)",
					"@executable_path/Frameworks",
					"@loader_path/Frameworks",
				);
				PRODUCT_BUNDLE_IDENTIFIER = pt.everis.PokeMe.PokeMeUITests;
				PRODUCT_NAME = "$(TARGET_NAME)";
				SWIFT_VERSION = 5.0;
				TARGETED_DEVICE_FAMILY = "1,2";
				TEST_TARGET_NAME = PokeMe;
			};
			name = Debug;
		};
		6D41719625D6B8B600D2B8B2 /* Release */ = {
			isa = XCBuildConfiguration;
			baseConfigurationReference = 8018A9AEC731A9DB073C59BC /* Pods-PokeMe-PokeMeUITests.release.xcconfig */;
			buildSettings = {
				ALWAYS_EMBED_SWIFT_STANDARD_LIBRARIES = YES;
				CODE_SIGN_STYLE = Automatic;
				DEVELOPMENT_TEAM = 8YM7L88DQC;
				INFOPLIST_FILE = PokeMeUITests/Info.plist;
				LD_RUNPATH_SEARCH_PATHS = (
					"$(inherited)",
					"@executable_path/Frameworks",
					"@loader_path/Frameworks",
				);
				PRODUCT_BUNDLE_IDENTIFIER = pt.everis.PokeMe.PokeMeUITests;
				PRODUCT_NAME = "$(TARGET_NAME)";
				SWIFT_VERSION = 5.0;
				TARGETED_DEVICE_FAMILY = "1,2";
				TEST_TARGET_NAME = PokeMe;
			};
			name = Release;
		};
/* End XCBuildConfiguration section */

/* Begin XCConfigurationList section */
		6D41715C25D6B8B400D2B8B2 /* Build configuration list for PBXProject "PokeMe" */ = {
			isa = XCConfigurationList;
			buildConfigurations = (
				6D41718C25D6B8B600D2B8B2 /* Debug */,
				6D41718D25D6B8B600D2B8B2 /* Release */,
			);
			defaultConfigurationIsVisible = 0;
			defaultConfigurationName = Release;
		};
		6D41718E25D6B8B600D2B8B2 /* Build configuration list for PBXNativeTarget "PokeMe" */ = {
			isa = XCConfigurationList;
			buildConfigurations = (
				6D41718F25D6B8B600D2B8B2 /* Debug */,
				6D41719025D6B8B600D2B8B2 /* Release */,
			);
			defaultConfigurationIsVisible = 0;
			defaultConfigurationName = Release;
		};
		6D41719125D6B8B600D2B8B2 /* Build configuration list for PBXNativeTarget "PokeMeTests" */ = {
			isa = XCConfigurationList;
			buildConfigurations = (
				6D41719225D6B8B600D2B8B2 /* Debug */,
				6D41719325D6B8B600D2B8B2 /* Release */,
			);
			defaultConfigurationIsVisible = 0;
			defaultConfigurationName = Release;
		};
		6D41719425D6B8B600D2B8B2 /* Build configuration list for PBXNativeTarget "PokeMeUITests" */ = {
			isa = XCConfigurationList;
			buildConfigurations = (
				6D41719525D6B8B600D2B8B2 /* Debug */,
				6D41719625D6B8B600D2B8B2 /* Release */,
			);
			defaultConfigurationIsVisible = 0;
			defaultConfigurationName = Release;
		};
/* End XCConfigurationList section */

/* Begin XCVersionGroup section */
		6D41716D25D6B8B400D2B8B2 /* PokeMe.xcdatamodeld */ = {
			isa = XCVersionGroup;
			children = (
				6D41716E25D6B8B400D2B8B2 /* PokeMe.xcdatamodel */,
			);
			currentVersion = 6D41716E25D6B8B400D2B8B2 /* PokeMe.xcdatamodel */;
			path = PokeMe.xcdatamodeld;
			sourceTree = "<group>";
			versionGroupType = wrapper.xcdatamodel;
		};
/* End XCVersionGroup section */
	};
	rootObject = 6D41715925D6B8B400D2B8B2 /* Project object */;
}
